Microsoft Visual Studio Solution File, Format Version 12.00
# Visual Studio Version 17
VisualStudioVersion = 17.5.2.0
MinimumVisualStudioVersion = 10.0.40219.1
Project("{FAE04EC0-301F-11D3-BF4B-00C04F79EFBC}") = "danone-client", "danone-client.csproj", "{FAE4A020-1EA2-DD75-B699-3F91B1DB74DC}"
EndProject
Global
	GlobalSection(SolutionConfigurationPlatforms) = preSolution
		Debug|Any CPU = Debug|Any CPU
		Release|Any CPU = Release|Any CPU
	EndGlobalSection
	GlobalSection(ProjectConfigurationPlatforms) = postSolution
		{FAE4A020-1EA2-DD75-B699-3F91B1DB74DC}.Debug|Any CPU.ActiveCfg = Debug|Any CPU
		{FAE4A020-1EA2-DD75-B699-3F91B1DB74DC}.Debug|Any CPU.Build.0 = Debug|Any CPU
		{FAE4A020-1EA2-DD75-B699-3F91B1DB74DC}.Release|Any CPU.ActiveCfg = Release|Any CPU
		{FAE4A020-1EA2-DD75-B699-3F91B1DB74DC}.Release|Any CPU.Build.0 = Release|Any CPU
	EndGlobalSection
	GlobalSection(SolutionProperties) = preSolution
		HideSolutionNode = FALSE
	EndGlobalSection
	GlobalSection(ExtensibilityGlobals) = postSolution
		SolutionGuid = {EB749CFB-0502-466E-AC39-CFEADB9E7B9C}
	EndGlobalSection
EndGlobal
